
Microsoft Visual Studio Solution File, Format Version 12.00
# Visual Studio Version 16
VisualStudioVersion = 16.0.30225.117
MinimumVisualStudioVersion = 10.0.40219.1
Project("{2150E333-8FDC-42A3-9474-1A3956D46DE8}") = "Common", "Common", "{BE9F6FAD-B14B-4712-B9BE-C79CD1E393A1}"
EndProject
Project("{FAE04EC0-301F-11D3-BF4B-00C04F79EFBC}") = "Entities", "Entities\Entities.csproj", "{BEB78A17-3F53-4833-964B-ABA086CE75AE}"
EndProject
Project("{2150E333-8FDC-42A3-9474-1A3956D46DE8}") = "GameLogic", "GameLogic", "{379D6E14-3DD6-488C-BF14-84B6020E8BFA}"
EndProject
Project("{2150E333-8FDC-42A3-9474-1A3956D46DE8}") = "Controller", "Controller", "{9664F1C0-136B-493B-BD9E-E08BB1F3252B}"
EndProject
Project("{FAE04EC0-301F-11D3-BF4B-00C04F79EFBC}") = "FormsView", "FormsView\FormsView.csproj", "{4EE5DF88-C15D-419C-A3A6-8606B3820E00}"
EndProject
Project("{FAE04EC0-301F-11D3-BF4B-00C04F79EFBC}") = "Controller", "Controller\Controller.csproj", "{2714DA2F-B304-4F4B-ACA5-5EB6EA0E6467}"
EndProject
Project("{FAE04EC0-301F-11D3-BF4B-00C04F79EFBC}") = "GameLogic", "Logic\GameLogic.csproj", "{364FE867-B0FF-48D9-9F38-4FC0A54E5FD5}"
EndProject
Global
	GlobalSection(SolutionConfigurationPlatforms) = preSolution
		Debug|Any CPU = Debug|Any CPU
		Release|Any CPU = Release|Any CPU
	EndGlobalSection
	GlobalSection(ProjectConfigurationPlatforms) = postSolution
		{BEB78A17-3F53-4833-964B-ABA086CE75AE}.Debug|Any CPU.ActiveCfg = Debug|Any CPU
		{BEB78A17-3F53-4833-964B-ABA086CE75AE}.Debug|Any CPU.Build.0 = Debug|Any CPU
		{BEB78A17-3F53-4833-964B-ABA086CE75AE}.Release|Any CPU.ActiveCfg = Release|Any CPU
		{BEB78A17-3F53-4833-964B-ABA086CE75AE}.Release|Any CPU.Build.0 = Release|Any CPU
		{4EE5DF88-C15D-419C-A3A6-8606B3820E00}.Debug|Any CPU.ActiveCfg = Debug|Any CPU
		{4EE5DF88-C15D-419C-A3A6-8606B3820E00}.Debug|Any CPU.Build.0 = Debug|Any CPU
		{4EE5DF88-C15D-419C-A3A6-8606B3820E00}.Release|Any CPU.ActiveCfg = Release|Any CPU
		{4EE5DF88-C15D-419C-A3A6-8606B3820E00}.Release|Any CPU.Build.0 = Release|Any CPU
		{2714DA2F-B304-4F4B-ACA5-5EB6EA0E6467}.Debug|Any CPU.ActiveCfg = Debug|Any CPU
		{2714DA2F-B304-4F4B-ACA5-5EB6EA0E6467}.Debug|Any CPU.Build.0 = Debug|Any CPU
		{2714DA2F-B304-4F4B-ACA5-5EB6EA0E6467}.Release|Any CPU.ActiveCfg = Release|Any CPU
		{2714DA2F-B304-4F4B-ACA5-5EB6EA0E6467}.Release|Any CPU.Build.0 = Release|Any CPU
		{364FE867-B0FF-48D9-9F38-4FC0A54E5FD5}.Debug|Any CPU.ActiveCfg = Debug|Any CPU
		{364FE867-B0FF-48D9-9F38-4FC0A54E5FD5}.Debug|Any CPU.Build.0 = Debug|Any CPU
		{364FE867-B0FF-48D9-9F38-4FC0A54E5FD5}.Release|Any CPU.ActiveCfg = Release|Any CPU
		{364FE867-B0FF-48D9-9F38-4FC0A54E5FD5}.Release|Any CPU.Build.0 = Release|Any CPU
	EndGlobalSection
	GlobalSection(SolutionProperties) = preSolution
		HideSolutionNode = FALSE
	EndGlobalSection
	GlobalSection(NestedProjects) = preSolution
		{BEB78A17-3F53-4833-964B-ABA086CE75AE} = {BE9F6FAD-B14B-4712-B9BE-C79CD1E393A1}
		{2714DA2F-B304-4F4B-ACA5-5EB6EA0E6467} = {9664F1C0-136B-493B-BD9E-E08BB1F3252B}
		{364FE867-B0FF-48D9-9F38-4FC0A54E5FD5} = {379D6E14-3DD6-488C-BF14-84B6020E8BFA}
	EndGlobalSection
	GlobalSection(ExtensibilityGlobals) = postSolution
		SolutionGuid = {0D2AFB30-5676-4774-ABC7-A36ABADD7F86}
	EndGlobalSection
EndGlobal
